{
    "version": 3,
    "terraform_version": "0.11.10",
    "serial": 50,
    "lineage": "eda138c6-3fa0-b13f-ae4b-da59e2e771cf",
    "modules": [
        {
            "path": [
                "root"
            ],
            "outputs": {},
            "resources": {
                "aws_default_network_acl.public": {
                    "type": "aws_default_network_acl",
                    "depends_on": [
                        "aws_subnet.public.*",
                        "aws_vpc.main"
                    ],
                    "primary": {
                        "id": "acl-01b22d54b708a5618",
                        "attributes": {
                            "default_network_acl_id": "acl-01b22d54b708a5618",
                            "egress.#": "1",
                            "egress.1401401844.action": "allow",
                            "egress.1401401844.cidr_block": "0.0.0.0/0",
                            "egress.1401401844.from_port": "0",
                            "egress.1401401844.icmp_code": "0",
                            "egress.1401401844.icmp_type": "0",
                            "egress.1401401844.ipv6_cidr_block": "",
                            "egress.1401401844.protocol": "-1",
                            "egress.1401401844.rule_no": "100",
                            "egress.1401401844.to_port": "0",
                            "id": "acl-01b22d54b708a5618",
                            "ingress.#": "1",
                            "ingress.1401401844.action": "allow",
                            "ingress.1401401844.cidr_block": "0.0.0.0/0",
                            "ingress.1401401844.from_port": "0",
                            "ingress.1401401844.icmp_code": "0",
                            "ingress.1401401844.icmp_type": "0",
                            "ingress.1401401844.ipv6_cidr_block": "",
                            "ingress.1401401844.protocol": "-1",
                            "ingress.1401401844.rule_no": "100",
                            "ingress.1401401844.to_port": "0",
                            "subnet_ids.#": "2",
                            "subnet_ids.1927374588": "subnet-0264beba7d681c443",
                            "subnet_ids.3685112667": "subnet-0bf7706016dc1cb07",
                            "tags.%": "1",
                            "tags.Name": "nacl-tfsandbox-public",
                            "vpc_id": "vpc-002643c377c4ce8ce"
                        },
                        "meta": {},
                        "tainted": false
                    },
                    "deposed": [],
                    "provider": "provider.aws"
                },
                "aws_default_route_table.main": {
                    "type": "aws_default_route_table",
                    "depends_on": [
                        "aws_vpc.main"
                    ],
                    "primary": {
                        "id": "rtb-0c51c535b37e6d320",
                        "attributes": {
                            "default_route_table_id": "rtb-0c51c535b37e6d320",
                            "id": "rtb-0c51c535b37e6d320",
                            "propagating_vgws.#": "0",
                            "route.#": "0",
                            "tags.%": "1",
                            "tags.Name": "rtb-tfsandbox-public",
                            "vpc_id": "vpc-002643c377c4ce8ce"
                        },
                        "meta": {},
                        "tainted": false
                    },
                    "deposed": [],
                    "provider": "provider.aws"
                },
                "aws_efs_file_system.logs": {
                    "type": "aws_efs_file_system",
                    "depends_on": [],
                    "primary": {
                        "id": "fs-0652ee7f",
                        "attributes": {
                            "arn": "arn:aws:elasticfilesystem:us-east-2:736423473805:file-system/fs-0652ee7f",
                            "creation_token": "logs-tfsandbox",
                            "dns_name": "fs-0652ee7f.efs.us-east-2.amazonaws.com",
                            "encrypted": "false",
                            "id": "fs-0652ee7f",
                            "kms_key_id": "",
                            "performance_mode": "generalPurpose",
                            "provisioned_throughput_in_mibps": "0",
                            "tags.%": "1",
                            "tags.Name": "logs-tfsandbox",
                            "throughput_mode": "bursting"
                        },
                        "meta": {},
                        "tainted": false
                    },
                    "deposed": [],
                    "provider": "provider.aws"
                },
                "aws_efs_mount_target.logs.0": {
                    "type": "aws_efs_mount_target",
                    "depends_on": [
                        "aws_efs_file_system.logs",
                        "aws_security_group.efs",
                        "aws_subnet.private.*",
                        "local.azones-count"
                    ],
                    "primary": {
                        "id": "fsmt-3f1dc746",
                        "attributes": {
                            "dns_name": "fs-0652ee7f.efs.us-east-2.amazonaws.com",
                            "file_system_arn": "arn:aws:elasticfilesystem:us-east-2:736423473805:file-system/fs-0652ee7f",
                            "file_system_id": "fs-0652ee7f",
                            "id": "fsmt-3f1dc746",
                            "ip_address": "172.25.36.84",
                            "network_interface_id": "eni-057f5fee37e8e9ce2",
                            "security_groups.#": "1",
                            "security_groups.4268473030": "sg-0ae8adc59eb35c8b9",
                            "subnet_id": "subnet-0ebf664944e7739bb"
                        },
                        "meta": {},
                        "tainted": false
                    },
                    "deposed": [],
                    "provider": "provider.aws"
                },
                "aws_efs_mount_target.logs.1": {
                    "type": "aws_efs_mount_target",
                    "depends_on": [
                        "aws_efs_file_system.logs",
                        "aws_security_group.efs",
                        "aws_subnet.private.*",
                        "local.azones-count"
                    ],
                    "primary": {
                        "id": "fsmt-3c1dc745",
                        "attributes": {
                            "dns_name": "fs-0652ee7f.efs.us-east-2.amazonaws.com",
                            "file_system_arn": "arn:aws:elasticfilesystem:us-east-2:736423473805:file-system/fs-0652ee7f",
                            "file_system_id": "fs-0652ee7f",
                            "id": "fsmt-3c1dc745",
                            "ip_address": "172.25.38.185",
                            "network_interface_id": "eni-0795ee2ea6b131e99",
                            "security_groups.#": "1",
                            "security_groups.4268473030": "sg-0ae8adc59eb35c8b9",
                            "subnet_id": "subnet-0939a5e47da697f89"
                        },
                        "meta": {},
                        "tainted": false
                    },
                    "deposed": [],
                    "provider": "provider.aws"
                },
                "aws_eip.nat-eips.0": {
                    "type": "aws_eip",
                    "depends_on": [
                        "local.azones-count"
                    ],
                    "primary": {
                        "id": "eipalloc-044cae752d92700f0",
                        "attributes": {
                            "association_id": "eipassoc-e006821c",
                            "domain": "vpc",
                            "id": "eipalloc-044cae752d92700f0",
                            "instance": "",
                            "network_interface": "eni-005c3ec20bec59171",
                            "private_ip": "172.25.37.15",
                            "public_ip": "13.58.56.95",
                            "tags.%": "0",
                            "vpc": "true"
                        },
                        "meta": {
                            "e2bfb730-ecaa-11e6-8f88-34363bc7c4c0": {
                                "delete": 180000000000,
                                "read": 900000000000,
                                "update": 300000000000
                            }
                        },
                        "tainted": false
                    },
                    "deposed": [],
                    "provider": "provider.aws"
                },
                "aws_eip.nat-eips.1": {
                    "type": "aws_eip",
                    "depends_on": [
                        "local.azones-count"
                    ],
                    "primary": {
                        "id": "eipalloc-0466d841ea1aaa8bc",
                        "attributes": {
                            "association_id": "eipassoc-bcae4e66",
                            "domain": "vpc",
                            "id": "eipalloc-0466d841ea1aaa8bc",
                            "instance": "",
                            "network_interface": "eni-0d934b154a56ac814",
                            "private_ip": "172.25.39.247",
                            "public_ip": "18.220.140.241",
                            "tags.%": "0",
                            "vpc": "true"
                        },
                        "meta": {
                            "e2bfb730-ecaa-11e6-8f88-34363bc7c4c0": {
                                "delete": 180000000000,
                                "read": 900000000000,
                                "update": 300000000000
                            }
                        },
                        "tainted": false
                    },
                    "deposed": [],
                    "provider": "provider.aws"
                },
                "aws_iam_access_key.deploy": {
                    "type": "aws_iam_access_key",
                    "depends_on": [
                        "aws_iam_user.deploy"
                    ],
                    "primary": {
                        "id": "AKIAJAL2BXCC5FREMCVQ",
                        "attributes": {
                            "id": "AKIAJAL2BXCC5FREMCVQ",
                            "secret": "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",
                            "ses_smtp_password": "AqCbAlDxsupofJVT2syFRAYLVL3T/PSjFAHKt+QOl/Q0",
                            "status": "Active",
                            "user": "deploy-tfsandbox"
                        },
                        "meta": {},
                        "tainted": false
                    },
                    "deposed": [],
                    "provider": "provider.aws"
                },
                "aws_iam_group.deploy": {
                    "type": "aws_iam_group",
                    "depends_on": [],
                    "primary": {
                        "id": "deploy-tfsandbox",
                        "attributes": {
                            "arn": "arn:aws:iam::736423473805:group/tfsandbox/deploy-tfsandbox",
                            "id": "deploy-tfsandbox",
                            "name": "deploy-tfsandbox",
                            "path": "/tfsandbox/",
                            "unique_id": "AGPAIC4FGPPLBEELVR4DI"
                        },
                        "meta": {},
                        "tainted": false
                    },
                    "deposed": [],
                    "provider": "provider.aws"
                },
                "aws_iam_user.deploy": {
                    "type": "aws_iam_user",
                    "depends_on": [],
                    "primary": {
                        "id": "deploy-tfsandbox",
                        "attributes": {
                            "arn": "arn:aws:iam::736423473805:user/tfsandbox/deploy-tfsandbox",
                            "force_destroy": "false",
                            "id": "deploy-tfsandbox",
                            "name": "deploy-tfsandbox",
                            "path": "/tfsandbox/",
                            "unique_id": "AIDAIL6X5SVKLLTOGKMDI"
                        },
                        "meta": {},
                        "tainted": false
                    },
                    "deposed": [],
                    "provider": "provider.aws"
                },
                "aws_internet_gateway.igw": {
                    "type": "aws_internet_gateway",
                    "depends_on": [
                        "aws_vpc.main"
                    ],
                    "primary": {
                        "id": "igw-0f59c9847752246e4",
                        "attributes": {
                            "id": "igw-0f59c9847752246e4",
                            "tags.%": "2",
                            "tags.Name": "igw-tfsandbox",
                            "tags.formation": "tfsandbox",
                            "vpc_id": "vpc-002643c377c4ce8ce"
                        },
                        "meta": {},
                        "tainted": false
                    },
                    "deposed": [],
                    "provider": "provider.aws"
                },
                "aws_nat_gateway.nat-gateways.0": {
                    "type": "aws_nat_gateway",
                    "depends_on": [
                        "aws_eip.nat-eips.*",
                        "aws_subnet.public.*",
                        "local.azones-count"
                    ],
                    "primary": {
                        "id": "nat-079a435c76aee3c27",
                        "attributes": {
                            "allocation_id": "eipalloc-044cae752d92700f0",
                            "id": "nat-079a435c76aee3c27",
                            "network_interface_id": "eni-005c3ec20bec59171",
                            "private_ip": "172.25.37.15",
                            "public_ip": "13.58.56.95",
                            "subnet_id": "subnet-0bf7706016dc1cb07",
                            "tags.%": "1",
                            "tags.Name": "ngw-sn-tfsandbox-public-a"
                        },
                        "meta": {},
                        "tainted": false
                    },
                    "deposed": [],
                    "provider": "provider.aws"
                },
                "aws_nat_gateway.nat-gateways.1": {
                    "type": "aws_nat_gateway",
                    "depends_on": [
                        "aws_eip.nat-eips.*",
                        "aws_subnet.public.*",
                        "local.azones-count"
                    ],
                    "primary": {
                        "id": "nat-062815c095656c07a",
                        "attributes": {
                            "allocation_id": "eipalloc-0466d841ea1aaa8bc",
                            "id": "nat-062815c095656c07a",
                            "network_interface_id": "eni-0d934b154a56ac814",
                            "private_ip": "172.25.39.247",
                            "public_ip": "18.220.140.241",
                            "subnet_id": "subnet-0264beba7d681c443",
                            "tags.%": "1",
                            "tags.Name": "ngw-sn-tfsandbox-public-c"
                        },
                        "meta": {},
                        "tainted": false
                    },
                    "deposed": [],
                    "provider": "provider.aws"
                },
                "aws_network_acl.private": {
                    "type": "aws_network_acl",
                    "depends_on": [
                        "aws_subnet.private.*",
                        "aws_vpc.main"
                    ],
                    "primary": {
                        "id": "acl-0e799f0a579c6cc3e",
                        "attributes": {
                            "egress.#": "1",
                            "egress.1401401844.action": "allow",
                            "egress.1401401844.cidr_block": "0.0.0.0/0",
                            "egress.1401401844.from_port": "0",
                            "egress.1401401844.icmp_code": "0",
                            "egress.1401401844.icmp_type": "0",
                            "egress.1401401844.ipv6_cidr_block": "",
                            "egress.1401401844.protocol": "-1",
                            "egress.1401401844.rule_no": "100",
                            "egress.1401401844.to_port": "0",
                            "id": "acl-0e799f0a579c6cc3e",
                            "ingress.#": "1",
                            "ingress.1401401844.action": "allow",
                            "ingress.1401401844.cidr_block": "0.0.0.0/0",
                            "ingress.1401401844.from_port": "0",
                            "ingress.1401401844.icmp_code": "0",
                            "ingress.1401401844.icmp_type": "0",
                            "ingress.1401401844.ipv6_cidr_block": "",
                            "ingress.1401401844.protocol": "-1",
                            "ingress.1401401844.rule_no": "100",
                            "ingress.1401401844.to_port": "0",
                            "subnet_ids.#": "2",
                            "subnet_ids.235380817": "subnet-0ebf664944e7739bb",
                            "subnet_ids.3503281261": "subnet-0939a5e47da697f89",
                            "tags.%": "1",
                            "tags.Name": "nacl-tfsandbox-private",
                            "vpc_id": "vpc-002643c377c4ce8ce"
                        },
                        "meta": {},
                        "tainted": false
                    },
                    "deposed": [],
                    "provider": "provider.aws"
                },
                "aws_route.nat-gateways.0": {
                    "type": "aws_route",
                    "depends_on": [
                        "aws_nat_gateway.nat-gateways.*",
                        "aws_route_table.private.*",
                        "local.azones-count"
                    ],
                    "primary": {
                        "id": "r-rtb-0f54a32d12776db1b1080289494",
                        "attributes": {
                            "destination_cidr_block": "0.0.0.0/0",
                            "destination_prefix_list_id": "",
                            "egress_only_gateway_id": "",
                            "gateway_id": "",
                            "id": "r-rtb-0f54a32d12776db1b1080289494",
                            "instance_id": "",
                            "instance_owner_id": "",
                            "nat_gateway_id": "nat-079a435c76aee3c27",
                            "network_interface_id": "",
                            "origin": "CreateRoute",
                            "route_table_id": "rtb-0f54a32d12776db1b",
                            "state": "active",
                            "vpc_peering_connection_id": ""
                        },
                        "meta": {
                            "e2bfb730-ecaa-11e6-8f88-34363bc7c4c0": {
                                "create": 120000000000,
                                "delete": 300000000000
                            }
                        },
                        "tainted": false
                    },
                    "deposed": [],
                    "provider": "provider.aws"
                },
                "aws_route.nat-gateways.1": {
                    "type": "aws_route",
                    "depends_on": [
                        "aws_nat_gateway.nat-gateways.*",
                        "aws_route_table.private.*",
                        "local.azones-count"
                    ],
                    "primary": {
                        "id": "r-rtb-04f51c6e9cccb0ced1080289494",
                        "attributes": {
                            "destination_cidr_block": "0.0.0.0/0",
                            "destination_prefix_list_id": "",
                            "egress_only_gateway_id": "",
                            "gateway_id": "",
                            "id": "r-rtb-04f51c6e9cccb0ced1080289494",
                            "instance_id": "",
                            "instance_owner_id": "",
                            "nat_gateway_id": "nat-062815c095656c07a",
                            "network_interface_id": "",
                            "origin": "CreateRoute",
                            "route_table_id": "rtb-04f51c6e9cccb0ced",
                            "state": "active",
                            "vpc_peering_connection_id": ""
                        },
                        "meta": {
                            "e2bfb730-ecaa-11e6-8f88-34363bc7c4c0": {
                                "create": 120000000000,
                                "delete": 300000000000
                            }
                        },
                        "tainted": false
                    },
                    "deposed": [],
                    "provider": "provider.aws"
                },
                "aws_route.private-tower.0": {
                    "type": "aws_route",
                    "depends_on": [
                        "aws_route_table.private.*",
                        "aws_vpc_peering_connection.tower",
                        "local.azones-count"
                    ],
                    "primary": {
                        "id": "r-rtb-0f54a32d12776db1b3243750338",
                        "attributes": {
                            "destination_cidr_block": "172.25.4.0/22",
                            "destination_prefix_list_id": "",
                            "egress_only_gateway_id": "",
                            "gateway_id": "",
                            "id": "r-rtb-0f54a32d12776db1b3243750338",
                            "instance_id": "",
                            "instance_owner_id": "",
                            "nat_gateway_id": "",
                            "network_interface_id": "",
                            "origin": "CreateRoute",
                            "route_table_id": "rtb-0f54a32d12776db1b",
                            "state": "active",
                            "vpc_peering_connection_id": "pcx-070fdd450cb52782e"
                        },
                        "meta": {
                            "e2bfb730-ecaa-11e6-8f88-34363bc7c4c0": {
                                "create": 120000000000,
                                "delete": 300000000000
                            }
                        },
                        "tainted": false
                    },
                    "deposed": [],
                    "provider": "provider.aws"
                },
                "aws_route.private-tower.1": {
                    "type": "aws_route",
                    "depends_on": [
                        "aws_route_table.private.*",
                        "aws_vpc_peering_connection.tower",
                        "local.azones-count"
                    ],
                    "primary": {
                        "id": "r-rtb-04f51c6e9cccb0ced3243750338",
                        "attributes": {
                            "destination_cidr_block": "172.25.4.0/22",
                            "destination_prefix_list_id": "",
                            "egress_only_gateway_id": "",
                            "gateway_id": "",
                            "id": "r-rtb-04f51c6e9cccb0ced3243750338",
                            "instance_id": "",
                            "instance_owner_id": "",
                            "nat_gateway_id": "",
                            "network_interface_id": "",
                            "origin": "CreateRoute",
                            "route_table_id": "rtb-04f51c6e9cccb0ced",
                            "state": "active",
                            "vpc_peering_connection_id": "pcx-070fdd450cb52782e"
                        },
                        "meta": {
                            "e2bfb730-ecaa-11e6-8f88-34363bc7c4c0": {
                                "create": 120000000000,
                                "delete": 300000000000
                            }
                        },
                        "tainted": false
                    },
                    "deposed": [],
                    "provider": "provider.aws"
                },
                "aws_route.private-vpn.0": {
                    "type": "aws_route",
                    "depends_on": [
                        "aws_route_table.private.*",
                        "aws_vpc_peering_connection.vpn",
                        "local.azones-count"
                    ],
                    "primary": {
                        "id": "r-rtb-0f54a32d12776db1b3854007479",
                        "attributes": {
                            "destination_cidr_block": "172.31.0.0/16",
                            "destination_prefix_list_id": "",
                            "egress_only_gateway_id": "",
                            "gateway_id": "",
                            "id": "r-rtb-0f54a32d12776db1b3854007479",
                            "instance_id": "",
                            "instance_owner_id": "",
                            "nat_gateway_id": "",
                            "network_interface_id": "",
                            "origin": "CreateRoute",
                            "route_table_id": "rtb-0f54a32d12776db1b",
                            "state": "active",
                            "vpc_peering_connection_id": "pcx-038f425beda4f2fa2"
                        },
                        "meta": {
                            "e2bfb730-ecaa-11e6-8f88-34363bc7c4c0": {
                                "create": 120000000000,
                                "delete": 300000000000
                            }
                        },
                        "tainted": false
                    },
                    "deposed": [],
                    "provider": "provider.aws"
                },
                "aws_route.private-vpn.1": {
                    "type": "aws_route",
                    "depends_on": [
                        "aws_route_table.private.*",
                        "aws_vpc_peering_connection.vpn",
                        "local.azones-count"
                    ],
                    "primary": {
                        "id": "r-rtb-04f51c6e9cccb0ced3854007479",
                        "attributes": {
                            "destination_cidr_block": "172.31.0.0/16",
                            "destination_prefix_list_id": "",
                            "egress_only_gateway_id": "",
                            "gateway_id": "",
                            "id": "r-rtb-04f51c6e9cccb0ced3854007479",
                            "instance_id": "",
                            "instance_owner_id": "",
                            "nat_gateway_id": "",
                            "network_interface_id": "",
                            "origin": "CreateRoute",
                            "route_table_id": "rtb-04f51c6e9cccb0ced",
                            "state": "active",
                            "vpc_peering_connection_id": "pcx-038f425beda4f2fa2"
                        },
                        "meta": {
                            "e2bfb730-ecaa-11e6-8f88-34363bc7c4c0": {
                                "create": 120000000000,
                                "delete": 300000000000
                            }
                        },
                        "tainted": false
                    },
                    "deposed": [],
                    "provider": "provider.aws"
                },
                "aws_route_table.private.0": {
                    "type": "aws_route_table",
                    "depends_on": [
                        "aws_subnet.private.*",
                        "aws_vpc.main",
                        "local.azones-count"
                    ],
                    "primary": {
                        "id": "rtb-0f54a32d12776db1b",
                        "attributes": {
                            "id": "rtb-0f54a32d12776db1b",
                            "propagating_vgws.#": "0",
                            "route.#": "3",
                            "route.1489699577.cidr_block": "0.0.0.0/0",
                            "route.1489699577.egress_only_gateway_id": "",
                            "route.1489699577.gateway_id": "",
                            "route.1489699577.instance_id": "",
                            "route.1489699577.ipv6_cidr_block": "",
                            "route.1489699577.nat_gateway_id": "nat-079a435c76aee3c27",
                            "route.1489699577.network_interface_id": "",
                            "route.1489699577.vpc_peering_connection_id": "",
                            "route.2760678709.cidr_block": "172.31.0.0/16",
                            "route.2760678709.egress_only_gateway_id": "",
                            "route.2760678709.gateway_id": "",
                            "route.2760678709.instance_id": "",
                            "route.2760678709.ipv6_cidr_block": "",
                            "route.2760678709.nat_gateway_id": "",
                            "route.2760678709.network_interface_id": "",
                            "route.2760678709.vpc_peering_connection_id": "pcx-038f425beda4f2fa2",
                            "route.442148011.cidr_block": "172.25.4.0/22",
                            "route.442148011.egress_only_gateway_id": "",
                            "route.442148011.gateway_id": "",
                            "route.442148011.instance_id": "",
                            "route.442148011.ipv6_cidr_block": "",
                            "route.442148011.nat_gateway_id": "",
                            "route.442148011.network_interface_id": "",
                            "route.442148011.vpc_peering_connection_id": "pcx-070fdd450cb52782e",
                            "tags.%": "1",
                            "tags.Name": "rtb-sn-tfsandbox-private-a",
                            "vpc_id": "vpc-002643c377c4ce8ce"
                        },
                        "meta": {},
                        "tainted": false
                    },
                    "deposed": [],
                    "provider": "provider.aws"
                },
                "aws_route_table.private.1": {
                    "type": "aws_route_table",
                    "depends_on": [
                        "aws_subnet.private.*",
                        "aws_vpc.main",
                        "local.azones-count"
                    ],
                    "primary": {
                        "id": "rtb-04f51c6e9cccb0ced",
                        "attributes": {
                            "id": "rtb-04f51c6e9cccb0ced",
                            "propagating_vgws.#": "0",
                            "route.#": "3",
                            "route.1742506614.cidr_block": "0.0.0.0/0",
                            "route.1742506614.egress_only_gateway_id": "",
                            "route.1742506614.gateway_id": "",
                            "route.1742506614.instance_id": "",
                            "route.1742506614.ipv6_cidr_block": "",
                            "route.1742506614.nat_gateway_id": "nat-062815c095656c07a",
                            "route.1742506614.network_interface_id": "",
                            "route.1742506614.vpc_peering_connection_id": "",
                            "route.2760678709.cidr_block": "172.31.0.0/16",
                            "route.2760678709.egress_only_gateway_id": "",
                            "route.2760678709.gateway_id": "",
                            "route.2760678709.instance_id": "",
                            "route.2760678709.ipv6_cidr_block": "",
                            "route.2760678709.nat_gateway_id": "",
                            "route.2760678709.network_interface_id": "",
                            "route.2760678709.vpc_peering_connection_id": "pcx-038f425beda4f2fa2",
                            "route.442148011.cidr_block": "172.25.4.0/22",
                            "route.442148011.egress_only_gateway_id": "",
                            "route.442148011.gateway_id": "",
                            "route.442148011.instance_id": "",
                            "route.442148011.ipv6_cidr_block": "",
                            "route.442148011.nat_gateway_id": "",
                            "route.442148011.network_interface_id": "",
                            "route.442148011.vpc_peering_connection_id": "pcx-070fdd450cb52782e",
                            "tags.%": "1",
                            "tags.Name": "rtb-sn-tfsandbox-private-c",
                            "vpc_id": "vpc-002643c377c4ce8ce"
                        },
                        "meta": {},
                        "tainted": false
                    },
                    "deposed": [],
                    "provider": "provider.aws"
                },
                "aws_route_table_association.private.0": {
                    "type": "aws_route_table_association",
                    "depends_on": [
                        "aws_route_table.private.*",
                        "aws_subnet.private.*",
                        "local.azones-count"
                    ],
                    "primary": {
                        "id": "rtbassoc-01f6c1e6639fc7da5",
                        "attributes": {
                            "id": "rtbassoc-01f6c1e6639fc7da5",
                            "route_table_id": "rtb-0f54a32d12776db1b",
                            "subnet_id": "subnet-0ebf664944e7739bb"
                        },
                        "meta": {},
                        "tainted": false
                    },
                    "deposed": [],
                    "provider": "provider.aws"
                },
                "aws_route_table_association.private.1": {
                    "type": "aws_route_table_association",
                    "depends_on": [
                        "aws_route_table.private.*",
                        "aws_subnet.private.*",
                        "local.azones-count"
                    ],
                    "primary": {
                        "id": "rtbassoc-0f9c1d2ec613fbfac",
                        "attributes": {
                            "id": "rtbassoc-0f9c1d2ec613fbfac",
                            "route_table_id": "rtb-04f51c6e9cccb0ced",
                            "subnet_id": "subnet-0939a5e47da697f89"
                        },
                        "meta": {},
                        "tainted": false
                    },
                    "deposed": [],
                    "provider": "provider.aws"
                },
                "aws_route_table_association.public.0": {
                    "type": "aws_route_table_association",
                    "depends_on": [
                        "aws_default_route_table.main",
                        "aws_subnet.public.*",
                        "local.azones-count"
                    ],
                    "primary": {
                        "id": "rtbassoc-07b73aef8e886c2a0",
                        "attributes": {
                            "id": "rtbassoc-07b73aef8e886c2a0",
                            "route_table_id": "rtb-0c51c535b37e6d320",
                            "subnet_id": "subnet-0bf7706016dc1cb07"
                        },
                        "meta": {},
                        "tainted": false
                    },
                    "deposed": [],
                    "provider": "provider.aws"
                },
                "aws_route_table_association.public.1": {
                    "type": "aws_route_table_association",
                    "depends_on": [
                        "aws_default_route_table.main",
                        "aws_subnet.public.*",
                        "local.azones-count"
                    ],
                    "primary": {
                        "id": "rtbassoc-060efb70953803357",
                        "attributes": {
                            "id": "rtbassoc-060efb70953803357",
                            "route_table_id": "rtb-0c51c535b37e6d320",
                            "subnet_id": "subnet-0264beba7d681c443"
                        },
                        "meta": {},
                        "tainted": false
                    },
                    "deposed": [],
                    "provider": "provider.aws"
                },
                "aws_security_group.ec2": {
                    "type": "aws_security_group",
                    "depends_on": [
                        "aws_vpc.main"
                    ],
                    "primary": {
                        "id": "sg-0abbb8a54296f0921",
                        "attributes": {
                            "arn": "arn:aws:ec2:us-east-2:736423473805:security-group/sg-0abbb8a54296f0921",
                            "description": "Allow all inbound traffic",
                            "egress.#": "1",
                            "egress.482069346.cidr_blocks.#": "1",
                            "egress.482069346.cidr_blocks.0": "0.0.0.0/0",
                            "egress.482069346.description": "",
                            "egress.482069346.from_port": "0",
                            "egress.482069346.ipv6_cidr_blocks.#": "0",
                            "egress.482069346.prefix_list_ids.#": "0",
                            "egress.482069346.protocol": "-1",
                            "egress.482069346.security_groups.#": "0",
                            "egress.482069346.self": "false",
                            "egress.482069346.to_port": "0",
                            "id": "sg-0abbb8a54296f0921",
                            "ingress.#": "2",
                            "ingress.2617001939.cidr_blocks.#": "1",
                            "ingress.2617001939.cidr_blocks.0": "0.0.0.0/0",
                            "ingress.2617001939.description": "",
                            "ingress.2617001939.from_port": "443",
                            "ingress.2617001939.ipv6_cidr_blocks.#": "0",
                            "ingress.2617001939.prefix_list_ids.#": "0",
                            "ingress.2617001939.protocol": "tcp",
                            "ingress.2617001939.security_groups.#": "0",
                            "ingress.2617001939.self": "false",
                            "ingress.2617001939.to_port": "443",
                            "ingress.2715662207.cidr_blocks.#": "1",
                            "ingress.2715662207.cidr_blocks.0": "0.0.0.0/0",
                            "ingress.2715662207.description": "",
                            "ingress.2715662207.from_port": "8443",
                            "ingress.2715662207.ipv6_cidr_blocks.#": "0",
                            "ingress.2715662207.prefix_list_ids.#": "0",
                            "ingress.2715662207.protocol": "tcp",
                            "ingress.2715662207.security_groups.#": "0",
                            "ingress.2715662207.self": "false",
                            "ingress.2715662207.to_port": "8443",
                            "name": "sgroup-ec2-tfsandbox",
                            "owner_id": "736423473805",
                            "revoke_rules_on_delete": "false",
                            "tags.%": "1",
                            "tags.Name": "sgroup-ec2-tfsandbox",
                            "vpc_id": "vpc-002643c377c4ce8ce"
                        },
                        "meta": {
                            "e2bfb730-ecaa-11e6-8f88-34363bc7c4c0": {
                                "create": 600000000000,
                                "delete": 600000000000
                            },
                            "schema_version": "1"
                        },
                        "tainted": false
                    },
                    "deposed": [],
                    "provider": "provider.aws"
                },
                "aws_security_group.efs": {
                    "type": "aws_security_group",
                    "depends_on": [
                        "aws_security_group.ec2",
                        "aws_vpc.main"
                    ],
                    "primary": {
                        "id": "sg-0ae8adc59eb35c8b9",
                        "attributes": {
                            "arn": "arn:aws:ec2:us-east-2:736423473805:security-group/sg-0ae8adc59eb35c8b9",
                            "description": "Allow all inbound traffic",
                            "egress.#": "1",
                            "egress.482069346.cidr_blocks.#": "1",
                            "egress.482069346.cidr_blocks.0": "0.0.0.0/0",
                            "egress.482069346.description": "",
                            "egress.482069346.from_port": "0",
                            "egress.482069346.ipv6_cidr_blocks.#": "0",
                            "egress.482069346.prefix_list_ids.#": "0",
                            "egress.482069346.protocol": "-1",
                            "egress.482069346.security_groups.#": "0",
                            "egress.482069346.self": "false",
                            "egress.482069346.to_port": "0",
                            "id": "sg-0ae8adc59eb35c8b9",
                            "ingress.#": "1",
                            "ingress.4114753250.cidr_blocks.#": "0",
                            "ingress.4114753250.description": "",
                            "ingress.4114753250.from_port": "2049",
                            "ingress.4114753250.ipv6_cidr_blocks.#": "0",
                            "ingress.4114753250.prefix_list_ids.#": "0",
                            "ingress.4114753250.protocol": "tcp",
                            "ingress.4114753250.security_groups.#": "1",
                            "ingress.4114753250.security_groups.2157706536": "sg-0abbb8a54296f0921",
                            "ingress.4114753250.self": "false",
                            "ingress.4114753250.to_port": "2049",
                            "name": "sgroup-efs-tfsandbox",
                            "owner_id": "736423473805",
                            "revoke_rules_on_delete": "false",
                            "tags.%": "1",
                            "tags.Name": "sgroup-efs-tfsandbox",
                            "vpc_id": "vpc-002643c377c4ce8ce"
                        },
                        "meta": {
                            "e2bfb730-ecaa-11e6-8f88-34363bc7c4c0": {
                                "create": 600000000000,
                                "delete": 600000000000
                            },
                            "schema_version": "1"
                        },
                        "tainted": false
                    },
                    "deposed": [],
                    "provider": "provider.aws"
                },
                "aws_security_group.rds": {
                    "type": "aws_security_group",
                    "depends_on": [
                        "aws_security_group.ec2",
                        "aws_vpc.main"
                    ],
                    "primary": {
                        "id": "sg-0907c8009d19ca7af",
                        "attributes": {
                            "arn": "arn:aws:ec2:us-east-2:736423473805:security-group/sg-0907c8009d19ca7af",
                            "description": "Allow traffic to 3306 mysql port",
                            "egress.#": "0",
                            "id": "sg-0907c8009d19ca7af",
                            "ingress.#": "1",
                            "ingress.584435942.cidr_blocks.#": "2",
                            "ingress.584435942.cidr_blocks.0": "172.31.0.0/16",
                            "ingress.584435942.cidr_blocks.1": "172.25.4.0/22",
                            "ingress.584435942.description": "",
                            "ingress.584435942.from_port": "3306",
                            "ingress.584435942.ipv6_cidr_blocks.#": "0",
                            "ingress.584435942.prefix_list_ids.#": "0",
                            "ingress.584435942.protocol": "tcp",
                            "ingress.584435942.security_groups.#": "1",
                            "ingress.584435942.security_groups.2157706536": "sg-0abbb8a54296f0921",
                            "ingress.584435942.self": "false",
                            "ingress.584435942.to_port": "3306",
                            "name": "sgroup-rds-tfsandbox",
                            "owner_id": "736423473805",
                            "revoke_rules_on_delete": "false",
                            "tags.%": "1",
                            "tags.Name": "sgroup-rds-tfsandbox",
                            "vpc_id": "vpc-002643c377c4ce8ce"
                        },
                        "meta": {
                            "e2bfb730-ecaa-11e6-8f88-34363bc7c4c0": {
                                "create": 600000000000,
                                "delete": 600000000000
                            },
                            "schema_version": "1"
                        },
                        "tainted": false
                    },
                    "deposed": [],
                    "provider": "provider.aws"
                },
                "aws_security_group.redis": {
                    "type": "aws_security_group",
                    "depends_on": [
                        "aws_security_group.ec2",
                        "aws_vpc.main"
                    ],
                    "primary": {
                        "id": "sg-0cad8554cdbf2daea",
                        "attributes": {
                            "arn": "arn:aws:ec2:us-east-2:736423473805:security-group/sg-0cad8554cdbf2daea",
                            "description": "Allow all inbound traffic",
                            "egress.#": "1",
                            "egress.482069346.cidr_blocks.#": "1",
                            "egress.482069346.cidr_blocks.0": "0.0.0.0/0",
                            "egress.482069346.description": "",
                            "egress.482069346.from_port": "0",
                            "egress.482069346.ipv6_cidr_blocks.#": "0",
                            "egress.482069346.prefix_list_ids.#": "0",
                            "egress.482069346.protocol": "-1",
                            "egress.482069346.security_groups.#": "0",
                            "egress.482069346.self": "false",
                            "egress.482069346.to_port": "0",
                            "id": "sg-0cad8554cdbf2daea",
                            "ingress.#": "1",
                            "ingress.3302773059.cidr_blocks.#": "0",
                            "ingress.3302773059.description": "",
                            "ingress.3302773059.from_port": "6379",
                            "ingress.3302773059.ipv6_cidr_blocks.#": "0",
                            "ingress.3302773059.prefix_list_ids.#": "0",
                            "ingress.3302773059.protocol": "tcp",
                            "ingress.3302773059.security_groups.#": "1",
                            "ingress.3302773059.security_groups.2157706536": "sg-0abbb8a54296f0921",
                            "ingress.3302773059.self": "false",
                            "ingress.3302773059.to_port": "6379",
                            "name": "sgroup-redis-tfsandbox",
                            "owner_id": "736423473805",
                            "revoke_rules_on_delete": "false",
                            "tags.%": "1",
                            "tags.Name": "sgroup-redis-tfsandbox",
                            "vpc_id": "vpc-002643c377c4ce8ce"
                        },
                        "meta": {
                            "e2bfb730-ecaa-11e6-8f88-34363bc7c4c0": {
                                "create": 600000000000,
                                "delete": 600000000000
                            },
                            "schema_version": "1"
                        },
                        "tainted": false
                    },
                    "deposed": [],
                    "provider": "provider.aws"
                },
                "aws_security_group.vpn": {
                    "type": "aws_security_group",
                    "depends_on": [
                        "aws_vpc.main"
                    ],
                    "primary": {
                        "id": "sg-0da45eaa483750478",
                        "attributes": {
                            "arn": "arn:aws:ec2:us-east-2:736423473805:security-group/sg-0da45eaa483750478",
                            "description": "Allow all inbound traffic",
                            "egress.#": "1",
                            "egress.482069346.cidr_blocks.#": "1",
                            "egress.482069346.cidr_blocks.0": "0.0.0.0/0",
                            "egress.482069346.description": "",
                            "egress.482069346.from_port": "0",
                            "egress.482069346.ipv6_cidr_blocks.#": "0",
                            "egress.482069346.prefix_list_ids.#": "0",
                            "egress.482069346.protocol": "-1",
                            "egress.482069346.security_groups.#": "0",
                            "egress.482069346.self": "false",
                            "egress.482069346.to_port": "0",
                            "id": "sg-0da45eaa483750478",
                            "ingress.#": "2",
                            "ingress.443366489.cidr_blocks.#": "1",
                            "ingress.443366489.cidr_blocks.0": "172.31.0.0/16",
                            "ingress.443366489.description": "",
                            "ingress.443366489.from_port": "22",
                            "ingress.443366489.ipv6_cidr_blocks.#": "0",
                            "ingress.443366489.prefix_list_ids.#": "0",
                            "ingress.443366489.protocol": "tcp",
                            "ingress.443366489.security_groups.#": "0",
                            "ingress.443366489.self": "false",
                            "ingress.443366489.to_port": "22",
                            "ingress.975591717.cidr_blocks.#": "1",
                            "ingress.975591717.cidr_blocks.0": "172.25.4.0/22",
                            "ingress.975591717.description": "",
                            "ingress.975591717.from_port": "22",
                            "ingress.975591717.ipv6_cidr_blocks.#": "0",
                            "ingress.975591717.prefix_list_ids.#": "0",
                            "ingress.975591717.protocol": "tcp",
                            "ingress.975591717.security_groups.#": "0",
                            "ingress.975591717.self": "false",
                            "ingress.975591717.to_port": "22",
                            "name": "sgroup-vpn-tfsandbox",
                            "owner_id": "736423473805",
                            "revoke_rules_on_delete": "false",
                            "tags.%": "1",
                            "tags.Name": "sgroup-vpn-tfsandbox",
                            "vpc_id": "vpc-002643c377c4ce8ce"
                        },
                        "meta": {
                            "e2bfb730-ecaa-11e6-8f88-34363bc7c4c0": {
                                "create": 600000000000,
                                "delete": 600000000000
                            },
                            "schema_version": "1"
                        },
                        "tainted": false
                    },
                    "deposed": [],
                    "provider": "provider.aws"
                },
                "aws_subnet.private.0": {
                    "type": "aws_subnet",
                    "depends_on": [
                        "aws_vpc.main",
                        "local.azones",
                        "local.azones-count"
                    ],
                    "primary": {
                        "id": "subnet-0ebf664944e7739bb",
                        "attributes": {
                            "arn": "arn:aws:ec2:us-east-2:736423473805:subnet/subnet-0ebf664944e7739bb",
                            "assign_ipv6_address_on_creation": "false",
                            "availability_zone": "us-east-2a",
                            "cidr_block": "172.25.36.0/24",
                            "id": "subnet-0ebf664944e7739bb",
                            "map_public_ip_on_launch": "false",
                            "tags.%": "2",
                            "tags.Name": "sn-tfsandbox-private-a",
                            "tags.formation": "tfsandbox",
                            "vpc_id": "vpc-002643c377c4ce8ce"
                        },
                        "meta": {
                            "e2bfb730-ecaa-11e6-8f88-34363bc7c4c0": {
                                "create": 600000000000,
                                "delete": 600000000000
                            },
                            "schema_version": "1"
                        },
                        "tainted": false
                    },
                    "deposed": [],
                    "provider": "provider.aws"
                },
                "aws_subnet.private.1": {
                    "type": "aws_subnet",
                    "depends_on": [
                        "aws_vpc.main",
                        "local.azones",
                        "local.azones-count"
                    ],
                    "primary": {
                        "id": "subnet-0939a5e47da697f89",
                        "attributes": {
                            "arn": "arn:aws:ec2:us-east-2:736423473805:subnet/subnet-0939a5e47da697f89",
                            "assign_ipv6_address_on_creation": "false",
                            "availability_zone": "us-east-2c",
                            "cidr_block": "172.25.38.0/24",
                            "id": "subnet-0939a5e47da697f89",
                            "map_public_ip_on_launch": "false",
                            "tags.%": "2",
                            "tags.Name": "sn-tfsandbox-private-c",
                            "tags.formation": "tfsandbox",
                            "vpc_id": "vpc-002643c377c4ce8ce"
                        },
                        "meta": {
                            "e2bfb730-ecaa-11e6-8f88-34363bc7c4c0": {
                                "create": 600000000000,
                                "delete": 600000000000
                            },
                            "schema_version": "1"
                        },
                        "tainted": false
                    },
                    "deposed": [],
                    "provider": "provider.aws"
                },
                "aws_subnet.public.0": {
                    "type": "aws_subnet",
                    "depends_on": [
                        "aws_vpc.main",
                        "local.azones",
                        "local.azones-count"
                    ],
                    "primary": {
                        "id": "subnet-0bf7706016dc1cb07",
                        "attributes": {
                            "arn": "arn:aws:ec2:us-east-2:736423473805:subnet/subnet-0bf7706016dc1cb07",
                            "assign_ipv6_address_on_creation": "false",
                            "availability_zone": "us-east-2a",
                            "cidr_block": "172.25.37.0/24",
                            "id": "subnet-0bf7706016dc1cb07",
                            "map_public_ip_on_launch": "false",
                            "tags.%": "2",
                            "tags.Name": "sn-tfsandbox-public-a",
                            "tags.formation": "tfsandbox",
                            "vpc_id": "vpc-002643c377c4ce8ce"
                        },
                        "meta": {
                            "e2bfb730-ecaa-11e6-8f88-34363bc7c4c0": {
                                "create": 600000000000,
                                "delete": 600000000000
                            },
                            "schema_version": "1"
                        },
                        "tainted": false
                    },
                    "deposed": [],
                    "provider": "provider.aws"
                },
                "aws_subnet.public.1": {
                    "type": "aws_subnet",
                    "depends_on": [
                        "aws_vpc.main",
                        "local.azones",
                        "local.azones-count"
                    ],
                    "primary": {
                        "id": "subnet-0264beba7d681c443",
                        "attributes": {
                            "arn": "arn:aws:ec2:us-east-2:736423473805:subnet/subnet-0264beba7d681c443",
                            "assign_ipv6_address_on_creation": "false",
                            "availability_zone": "us-east-2c",
                            "cidr_block": "172.25.39.0/24",
                            "id": "subnet-0264beba7d681c443",
                            "map_public_ip_on_launch": "false",
                            "tags.%": "2",
                            "tags.Name": "sn-tfsandbox-public-c",
                            "tags.formation": "tfsandbox",
                            "vpc_id": "vpc-002643c377c4ce8ce"
                        },
                        "meta": {
                            "e2bfb730-ecaa-11e6-8f88-34363bc7c4c0": {
                                "create": 600000000000,
                                "delete": 600000000000
                            },
                            "schema_version": "1"
                        },
                        "tainted": false
                    },
                    "deposed": [],
                    "provider": "provider.aws"
                },
                "aws_vpc.main": {
                    "type": "aws_vpc",
                    "depends_on": [],
                    "primary": {
                        "id": "vpc-002643c377c4ce8ce",
                        "attributes": {
                            "arn": "arn:aws:ec2:us-east-2:736423473805:vpc/vpc-002643c377c4ce8ce",
                            "assign_generated_ipv6_cidr_block": "false",
                            "cidr_block": "172.25.36.0/22",
                            "default_network_acl_id": "acl-01b22d54b708a5618",
                            "default_route_table_id": "rtb-0c51c535b37e6d320",
                            "default_security_group_id": "sg-0a007623bebc722d2",
                            "dhcp_options_id": "dopt-ce4aa2a7",
                            "enable_dns_hostnames": "false",
                            "enable_dns_support": "true",
                            "id": "vpc-002643c377c4ce8ce",
                            "instance_tenancy": "default",
                            "ipv6_association_id": "",
                            "ipv6_cidr_block": "",
                            "main_route_table_id": "rtb-0c51c535b37e6d320",
                            "tags.%": "2",
                            "tags.Name": "vpc-tfsandbox",
                            "tags.formation": "tfsandbox"
                        },
                        "meta": {
                            "schema_version": "1"
                        },
                        "tainted": false
                    },
                    "deposed": [],
                    "provider": "provider.aws"
                },
                "aws_vpc_peering_connection.tower": {
                    "type": "aws_vpc_peering_connection",
                    "depends_on": [
                        "aws_vpc.main"
                    ],
                    "primary": {
                        "id": "pcx-070fdd450cb52782e",
                        "attributes": {
                            "accept_status": "active",
                            "accepter.#": "1",
                            "accepter.3244290774.allow_classic_link_to_remote_vpc": "false",
                            "accepter.3244290774.allow_remote_vpc_dns_resolution": "false",
                            "accepter.3244290774.allow_vpc_to_remote_classic_link": "false",
                            "id": "pcx-070fdd450cb52782e",
                            "peer_owner_id": "736423473805",
                            "peer_region": "us-east-1",
                            "peer_vpc_id": "vpc-b3bcb0d6",
                            "requester.#": "1",
                            "requester.3244290774.allow_classic_link_to_remote_vpc": "false",
                            "requester.3244290774.allow_remote_vpc_dns_resolution": "false",
                            "requester.3244290774.allow_vpc_to_remote_classic_link": "false",
                            "tags.%": "3",
                            "tags.Name": "pcx-tfsandbox-devInfra",
                            "tags.formation": "tfsandbox",
                            "tags.peer-cidr": "172.25.4.0/22",
                            "vpc_id": "vpc-002643c377c4ce8ce"
                        },
                        "meta": {
                            "e2bfb730-ecaa-11e6-8f88-34363bc7c4c0": {
                                "create": 60000000000,
                                "delete": 60000000000,
                                "update": 60000000000
                            }
                        },
                        "tainted": false
                    },
                    "deposed": [],
                    "provider": "provider.aws"
                },
                "aws_vpc_peering_connection.vpn": {
                    "type": "aws_vpc_peering_connection",
                    "depends_on": [
                        "aws_vpc.main"
                    ],
                    "primary": {
                        "id": "pcx-038f425beda4f2fa2",
                        "attributes": {
                            "accept_status": "active",
                            "accepter.#": "0",
                            "id": "pcx-038f425beda4f2fa2",
                            "peer_owner_id": "005676569914",
                            "peer_region": "us-east-1",
                            "peer_vpc_id": "vpc-ed642888",
                            "requester.#": "1",
                            "requester.3244290774.allow_classic_link_to_remote_vpc": "false",
                            "requester.3244290774.allow_remote_vpc_dns_resolution": "false",
                            "requester.3244290774.allow_vpc_to_remote_classic_link": "false",
                            "tags.%": "3",
                            "tags.Name": "pcx-tfsandbox-prodVpn",
                            "tags.formation": "tfsandbox",
                            "tags.peer-cidr": "172.31.0.0/16",
                            "vpc_id": "vpc-002643c377c4ce8ce"
                        },
                        "meta": {
                            "e2bfb730-ecaa-11e6-8f88-34363bc7c4c0": {
                                "create": 60000000000,
                                "delete": 60000000000,
                                "update": 60000000000
                            }
                        },
                        "tainted": false
                    },
                    "deposed": [],
                    "provider": "provider.aws"
                }
            },
            "depends_on": []
        }
    ]
}
